
Microsoft Visual Studio Solution File, Format Version 12.00
# Visual Studio 15
VisualStudioVersion = 15.0.27703.2018
MinimumVisualStudioVersion = 10.0.40219.1
Project("{2150E333-8FDC-42A3-9474-1A3956D46DE8}") = "clibs", "clibs", "{E834AF04-8F2A-4ADA-ABA5-E292F4B341CF}"
EndProject
Project("{FAE04EC0-301F-11D3-BF4B-00C04F79EFBC}") = "word-breaker", "clibs\word-breaker\word-breaker.csproj", "{A74CAE38-8253-41D6-B71A-0857C2182CF9}"
EndProject
Project("{FAE04EC0-301F-11D3-BF4B-00C04F79EFBC}") = "low-utils", "clibs\low-utils\low-utils.csproj", "{F602E5E0-BC5C-478E-86B0-1103411CB03A}"
EndProject
Project("{2150E333-8FDC-42A3-9474-1A3956D46DE8}") = "hunspell", "hunspell", "{513E3516-A342-4817-B2C5-FEA16A142C84}"
EndProject
Project("{FAE04EC0-301F-11D3-BF4B-00C04F79EFBC}") = "Lucene.Net", "hunspell\Lucene.Net\Lucene.Net.csproj", "{53167BDB-417B-48B2-A44E-10938706B474}"
EndProject
Project("{FAE04EC0-301F-11D3-BF4B-00C04F79EFBC}") = "Lucene.Net.Analysis.Common", "hunspell\Lucene.Net.Analysis.Common\Lucene.Net.Analysis.Common.csproj", "{9CC63FE2-DE86-4156-A1EF-CE6F3C5C7462}"
EndProject
Project("{FAE04EC0-301F-11D3-BF4B-00C04F79EFBC}") = "hunspell", "hunspell\hunspell\hunspell.csproj", "{454480EF-C5FE-4F9A-9520-9C462DFA424F}"
EndProject
Project("{FAE04EC0-301F-11D3-BF4B-00C04F79EFBC}") = "stemming", "clibs\stemming\stemming.csproj", "{F35B2C9B-929F-4299-B88C-AC70CC485780}"
EndProject
Project("{2150E333-8FDC-42A3-9474-1A3956D46DE8}") = "design", "design", "{0F631865-ACF0-40E0-A3FE-371A19A01C56}"
EndProject
Project("{FAE04EC0-301F-11D3-BF4B-00C04F79EFBC}") = "console", "console\console.csproj", "{4E3AF612-DE8D-49EF-9B94-D3E66E18B3BE}"
EndProject
Project("{FAE04EC0-301F-11D3-BF4B-00C04F79EFBC}") = "book-indexer", "clibs\book-indexer\book-indexer.csproj", "{EB4F1FC3-49AA-40BC-9799-234E940F510C}"
EndProject
Project("{FAE04EC0-301F-11D3-BF4B-00C04F79EFBC}") = "frekventWordList", "design\frekventWordList\frekventWordList.csproj", "{972C1084-46F5-4728-BDA3-BE4B08989CBF}"
EndProject
Project("{FAE04EC0-301F-11D3-BF4B-00C04F79EFBC}") = "langsDesign", "design\langsDesign\langsDesign.csproj", "{9DB6D413-9E3E-4663-9160-3BC56CF2A99F}"
EndProject
Project("{FAE04EC0-301F-11D3-BF4B-00C04F79EFBC}") = "importFromRJ", "design\importFromRJ\importFromRJ.csproj", "{D76E7E52-65CE-49CC-883A-E3C223C1D068}"
EndProject
Global
	GlobalSection(SolutionConfigurationPlatforms) = preSolution
		Debug|Any CPU = Debug|Any CPU
		Release|Any CPU = Release|Any CPU
	EndGlobalSection
	GlobalSection(ProjectConfigurationPlatforms) = postSolution
		{A74CAE38-8253-41D6-B71A-0857C2182CF9}.Debug|Any CPU.ActiveCfg = Debug|Any CPU
		{A74CAE38-8253-41D6-B71A-0857C2182CF9}.Debug|Any CPU.Build.0 = Debug|Any CPU
		{A74CAE38-8253-41D6-B71A-0857C2182CF9}.Release|Any CPU.ActiveCfg = Release|Any CPU
		{A74CAE38-8253-41D6-B71A-0857C2182CF9}.Release|Any CPU.Build.0 = Release|Any CPU
		{F602E5E0-BC5C-478E-86B0-1103411CB03A}.Debug|Any CPU.ActiveCfg = Debug|Any CPU
		{F602E5E0-BC5C-478E-86B0-1103411CB03A}.Debug|Any CPU.Build.0 = Debug|Any CPU
		{F602E5E0-BC5C-478E-86B0-1103411CB03A}.Release|Any CPU.ActiveCfg = Release|Any CPU
		{F602E5E0-BC5C-478E-86B0-1103411CB03A}.Release|Any CPU.Build.0 = Release|Any CPU
		{53167BDB-417B-48B2-A44E-10938706B474}.Debug|Any CPU.ActiveCfg = Debug|Any CPU
		{53167BDB-417B-48B2-A44E-10938706B474}.Debug|Any CPU.Build.0 = Debug|Any CPU
		{53167BDB-417B-48B2-A44E-10938706B474}.Release|Any CPU.ActiveCfg = Release|Any CPU
		{53167BDB-417B-48B2-A44E-10938706B474}.Release|Any CPU.Build.0 = Release|Any CPU
		{9CC63FE2-DE86-4156-A1EF-CE6F3C5C7462}.Debug|Any CPU.ActiveCfg = Debug|Any CPU
		{9CC63FE2-DE86-4156-A1EF-CE6F3C5C7462}.Debug|Any CPU.Build.0 = Debug|Any CPU
		{9CC63FE2-DE86-4156-A1EF-CE6F3C5C7462}.Release|Any CPU.ActiveCfg = Release|Any CPU
		{9CC63FE2-DE86-4156-A1EF-CE6F3C5C7462}.Release|Any CPU.Build.0 = Release|Any CPU
		{454480EF-C5FE-4F9A-9520-9C462DFA424F}.Debug|Any CPU.ActiveCfg = Debug|Any CPU
		{454480EF-C5FE-4F9A-9520-9C462DFA424F}.Debug|Any CPU.Build.0 = Debug|Any CPU
		{454480EF-C5FE-4F9A-9520-9C462DFA424F}.Release|Any CPU.ActiveCfg = Release|Any CPU
		{454480EF-C5FE-4F9A-9520-9C462DFA424F}.Release|Any CPU.Build.0 = Release|Any CPU
		{F35B2C9B-929F-4299-B88C-AC70CC485780}.Debug|Any CPU.ActiveCfg = Debug|Any CPU
		{F35B2C9B-929F-4299-B88C-AC70CC485780}.Debug|Any CPU.Build.0 = Debug|Any CPU
		{F35B2C9B-929F-4299-B88C-AC70CC485780}.Release|Any CPU.ActiveCfg = Release|Any CPU
		{F35B2C9B-929F-4299-B88C-AC70CC485780}.Release|Any CPU.Build.0 = Release|Any CPU
		{4E3AF612-DE8D-49EF-9B94-D3E66E18B3BE}.Debug|Any CPU.ActiveCfg = Debug|Any CPU
		{4E3AF612-DE8D-49EF-9B94-D3E66E18B3BE}.Debug|Any CPU.Build.0 = Debug|Any CPU
		{4E3AF612-DE8D-49EF-9B94-D3E66E18B3BE}.Release|Any CPU.ActiveCfg = Release|Any CPU
		{4E3AF612-DE8D-49EF-9B94-D3E66E18B3BE}.Release|Any CPU.Build.0 = Release|Any CPU
		{EB4F1FC3-49AA-40BC-9799-234E940F510C}.Debug|Any CPU.ActiveCfg = Debug|Any CPU
		{EB4F1FC3-49AA-40BC-9799-234E940F510C}.Debug|Any CPU.Build.0 = Debug|Any CPU
		{EB4F1FC3-49AA-40BC-9799-234E940F510C}.Release|Any CPU.ActiveCfg = Release|Any CPU
		{EB4F1FC3-49AA-40BC-9799-234E940F510C}.Release|Any CPU.Build.0 = Release|Any CPU
		{972C1084-46F5-4728-BDA3-BE4B08989CBF}.Debug|Any CPU.ActiveCfg = Debug|Any CPU
		{972C1084-46F5-4728-BDA3-BE4B08989CBF}.Debug|Any CPU.Build.0 = Debug|Any CPU
		{972C1084-46F5-4728-BDA3-BE4B08989CBF}.Release|Any CPU.ActiveCfg = Release|Any CPU
		{972C1084-46F5-4728-BDA3-BE4B08989CBF}.Release|Any CPU.Build.0 = Release|Any CPU
		{9DB6D413-9E3E-4663-9160-3BC56CF2A99F}.Debug|Any CPU.ActiveCfg = Debug|Any CPU
		{9DB6D413-9E3E-4663-9160-3BC56CF2A99F}.Debug|Any CPU.Build.0 = Debug|Any CPU
		{9DB6D413-9E3E-4663-9160-3BC56CF2A99F}.Release|Any CPU.ActiveCfg = Release|Any CPU
		{9DB6D413-9E3E-4663-9160-3BC56CF2A99F}.Release|Any CPU.Build.0 = Release|Any CPU
		{D76E7E52-65CE-49CC-883A-E3C223C1D068}.Debug|Any CPU.ActiveCfg = Debug|Any CPU
		{D76E7E52-65CE-49CC-883A-E3C223C1D068}.Debug|Any CPU.Build.0 = Debug|Any CPU
		{D76E7E52-65CE-49CC-883A-E3C223C1D068}.Release|Any CPU.ActiveCfg = Release|Any CPU
		{D76E7E52-65CE-49CC-883A-E3C223C1D068}.Release|Any CPU.Build.0 = Release|Any CPU
	EndGlobalSection
	GlobalSection(SolutionProperties) = preSolution
		HideSolutionNode = FALSE
	EndGlobalSection
	GlobalSection(NestedProjects) = preSolution
		{A74CAE38-8253-41D6-B71A-0857C2182CF9} = {E834AF04-8F2A-4ADA-ABA5-E292F4B341CF}
		{F602E5E0-BC5C-478E-86B0-1103411CB03A} = {E834AF04-8F2A-4ADA-ABA5-E292F4B341CF}
		{513E3516-A342-4817-B2C5-FEA16A142C84} = {0F631865-ACF0-40E0-A3FE-371A19A01C56}
		{53167BDB-417B-48B2-A44E-10938706B474} = {513E3516-A342-4817-B2C5-FEA16A142C84}
		{9CC63FE2-DE86-4156-A1EF-CE6F3C5C7462} = {513E3516-A342-4817-B2C5-FEA16A142C84}
		{454480EF-C5FE-4F9A-9520-9C462DFA424F} = {513E3516-A342-4817-B2C5-FEA16A142C84}
		{F35B2C9B-929F-4299-B88C-AC70CC485780} = {E834AF04-8F2A-4ADA-ABA5-E292F4B341CF}
		{EB4F1FC3-49AA-40BC-9799-234E940F510C} = {E834AF04-8F2A-4ADA-ABA5-E292F4B341CF}
		{972C1084-46F5-4728-BDA3-BE4B08989CBF} = {0F631865-ACF0-40E0-A3FE-371A19A01C56}
		{9DB6D413-9E3E-4663-9160-3BC56CF2A99F} = {0F631865-ACF0-40E0-A3FE-371A19A01C56}
		{D76E7E52-65CE-49CC-883A-E3C223C1D068} = {0F631865-ACF0-40E0-A3FE-371A19A01C56}
	EndGlobalSection
	GlobalSection(ExtensibilityGlobals) = postSolution
		SolutionGuid = {7CA20F8B-D0BF-4DE1-B0E3-600CE58B9652}
	EndGlobalSection
EndGlobal
