
Microsoft Visual Studio Solution File, Format Version 12.00
# Visual Studio Version 16
VisualStudioVersion = 16.0.28822.285
MinimumVisualStudioVersion = 10.0.40219.1
Project("{2150E333-8FDC-42A3-9474-1A3956D46DE8}") = "clibs", "clibs", "{E834AF04-8F2A-4ADA-ABA5-E292F4B341CF}"
EndProject
Project("{2150E333-8FDC-42A3-9474-1A3956D46DE8}") = "hunspell", "hunspell", "{513E3516-A342-4817-B2C5-FEA16A142C84}"
EndProject
Project("{FAE04EC0-301F-11D3-BF4B-00C04F79EFBC}") = "Lucene.Net", "hunspell\Lucene.Net\Lucene.Net.csproj", "{53167BDB-417B-48B2-A44E-10938706B474}"
EndProject
Project("{FAE04EC0-301F-11D3-BF4B-00C04F79EFBC}") = "Lucene.Net.Analysis.Common", "hunspell\Lucene.Net.Analysis.Common\Lucene.Net.Analysis.Common.csproj", "{9CC63FE2-DE86-4156-A1EF-CE6F3C5C7462}"
EndProject
Project("{FAE04EC0-301F-11D3-BF4B-00C04F79EFBC}") = "hunspell", "hunspell\hunspell\hunspell.csproj", "{454480EF-C5FE-4F9A-9520-9C462DFA424F}"
EndProject
Project("{FAE04EC0-301F-11D3-BF4B-00C04F79EFBC}") = "stemming", "clibs\stemming\stemming.csproj", "{F35B2C9B-929F-4299-B88C-AC70CC485780}"
EndProject
Project("{2150E333-8FDC-42A3-9474-1A3956D46DE8}") = "design", "design", "{0F631865-ACF0-40E0-A3FE-371A19A01C56}"
EndProject
Project("{FAE04EC0-301F-11D3-BF4B-00C04F79EFBC}") = "console", "console\console.csproj", "{4E3AF612-DE8D-49EF-9B94-D3E66E18B3BE}"
EndProject
Project("{FAE04EC0-301F-11D3-BF4B-00C04F79EFBC}") = "frekventWordList", "design\frekventWordList\frekventWordList.csproj", "{972C1084-46F5-4728-BDA3-BE4B08989CBF}"
EndProject
Project("{FAE04EC0-301F-11D3-BF4B-00C04F79EFBC}") = "langsDesign", "design\langsDesign\langsDesign.csproj", "{9DB6D413-9E3E-4663-9160-3BC56CF2A99F}"
EndProject
Project("{9A19103F-16F7-4668-BE54-9A1E7A4F7556}") = "messages", "clibs\messages\messages.csproj", "{FD58E5D0-EC2B-40DE-A01E-5D25407726A5}"
EndProject
Project("{FAE04EC0-301F-11D3-BF4B-00C04F79EFBC}") = "serverCSharp", "serverCSharp\serverCSharp.csproj", "{8ED6444C-0151-416D-BA4F-D2E63DEE3D45}"
EndProject
Project("{FAE04EC0-301F-11D3-BF4B-00C04F79EFBC}") = "breaking", "clibs\breaking\breaking.csproj", "{A74CAE38-8253-41D6-B71A-0857C2182CF9}"
EndProject
Project("{FAE04EC0-301F-11D3-BF4B-00C04F79EFBC}") = "server", "clibs\server\server.csproj", "{31C64AE9-CCAA-474C-9DC9-402C79BF3753}"
EndProject
Project("{FAE04EC0-301F-11D3-BF4B-00C04F79EFBC}") = "spellcheck", "clibs\spellcheck\spellcheck.csproj", "{4068B9C0-5C14-4A5A-999E-7DC81B07CF72}"
EndProject
Project("{9A19103F-16F7-4668-BE54-9A1E7A4F7556}") = "bank", "clibs\bank\bank.csproj", "{1A2F16B5-F45A-4889-B4DE-7BD6CDE605EC}"
EndProject
Project("{9A19103F-16F7-4668-BE54-9A1E7A4F7556}") = "consolenew", "consolenew\consolenew.csproj", "{43327633-4FF3-4289-90AD-0D1C2F137D78}"
EndProject
Project("{9A19103F-16F7-4668-BE54-9A1E7A4F7556}") = "utils", "clibs\utils\utils.csproj", "{CF7FF331-C2F7-4412-9641-3B5C4484611D}"
EndProject
Project("{FAE04EC0-301F-11D3-BF4B-00C04F79EFBC}") = "utilsWin", "clibs\utilsWin\utilsWin.csproj", "{C93470D3-1610-47D4-924F-DE0C4AE56018}"
EndProject
Project("{2150E333-8FDC-42A3-9474-1A3956D46DE8}") = "wiktionary", "wiktionary", "{684A3D9B-F535-48F5-A17E-2BC6924B622B}"
EndProject
Project("{9A19103F-16F7-4668-BE54-9A1E7A4F7556}") = "WikimediaProcessing.Portable", "design\wiktionary-parser\WikimediaProcessing\WikimediaProcessing.Portable.csproj", "{650023A4-242A-4BE4-A9C9-B2CCB830F7C9}"
EndProject
Project("{9A19103F-16F7-4668-BE54-9A1E7A4F7556}") = "Fabu.Wiktionary", "design\wiktionary-parser\Fabu.Wiktionary\Fabu.Wiktionary.csproj", "{F1D6AC5C-1B45-4207-8857-D34461519CF5}"
EndProject
Project("{FAE04EC0-301F-11D3-BF4B-00C04F79EFBC}") = "WordNet.Net", "design\wordnetdotnet\Library\cs\WordNet.Net.csproj", "{F12805B0-D74A-4E5B-A482-7C7CCB69D572}"
EndProject
Global
	GlobalSection(SolutionConfigurationPlatforms) = preSolution
		Debug|Any CPU = Debug|Any CPU
		Release|Any CPU = Release|Any CPU
	EndGlobalSection
	GlobalSection(ProjectConfigurationPlatforms) = postSolution
		{53167BDB-417B-48B2-A44E-10938706B474}.Debug|Any CPU.ActiveCfg = Debug|Any CPU
		{53167BDB-417B-48B2-A44E-10938706B474}.Debug|Any CPU.Build.0 = Debug|Any CPU
		{53167BDB-417B-48B2-A44E-10938706B474}.Release|Any CPU.ActiveCfg = Release|Any CPU
		{53167BDB-417B-48B2-A44E-10938706B474}.Release|Any CPU.Build.0 = Release|Any CPU
		{9CC63FE2-DE86-4156-A1EF-CE6F3C5C7462}.Debug|Any CPU.ActiveCfg = Debug|Any CPU
		{9CC63FE2-DE86-4156-A1EF-CE6F3C5C7462}.Debug|Any CPU.Build.0 = Debug|Any CPU
		{9CC63FE2-DE86-4156-A1EF-CE6F3C5C7462}.Release|Any CPU.ActiveCfg = Release|Any CPU
		{9CC63FE2-DE86-4156-A1EF-CE6F3C5C7462}.Release|Any CPU.Build.0 = Release|Any CPU
		{454480EF-C5FE-4F9A-9520-9C462DFA424F}.Debug|Any CPU.ActiveCfg = Debug|Any CPU
		{454480EF-C5FE-4F9A-9520-9C462DFA424F}.Debug|Any CPU.Build.0 = Debug|Any CPU
		{454480EF-C5FE-4F9A-9520-9C462DFA424F}.Release|Any CPU.ActiveCfg = Release|Any CPU
		{454480EF-C5FE-4F9A-9520-9C462DFA424F}.Release|Any CPU.Build.0 = Release|Any CPU
		{F35B2C9B-929F-4299-B88C-AC70CC485780}.Debug|Any CPU.ActiveCfg = Debug|Any CPU
		{F35B2C9B-929F-4299-B88C-AC70CC485780}.Debug|Any CPU.Build.0 = Debug|Any CPU
		{F35B2C9B-929F-4299-B88C-AC70CC485780}.Release|Any CPU.ActiveCfg = Release|Any CPU
		{F35B2C9B-929F-4299-B88C-AC70CC485780}.Release|Any CPU.Build.0 = Release|Any CPU
		{4E3AF612-DE8D-49EF-9B94-D3E66E18B3BE}.Debug|Any CPU.ActiveCfg = Debug|Any CPU
		{4E3AF612-DE8D-49EF-9B94-D3E66E18B3BE}.Debug|Any CPU.Build.0 = Debug|Any CPU
		{4E3AF612-DE8D-49EF-9B94-D3E66E18B3BE}.Release|Any CPU.ActiveCfg = Release|Any CPU
		{4E3AF612-DE8D-49EF-9B94-D3E66E18B3BE}.Release|Any CPU.Build.0 = Release|Any CPU
		{972C1084-46F5-4728-BDA3-BE4B08989CBF}.Debug|Any CPU.ActiveCfg = Debug|Any CPU
		{972C1084-46F5-4728-BDA3-BE4B08989CBF}.Debug|Any CPU.Build.0 = Debug|Any CPU
		{972C1084-46F5-4728-BDA3-BE4B08989CBF}.Release|Any CPU.ActiveCfg = Release|Any CPU
		{972C1084-46F5-4728-BDA3-BE4B08989CBF}.Release|Any CPU.Build.0 = Release|Any CPU
		{9DB6D413-9E3E-4663-9160-3BC56CF2A99F}.Debug|Any CPU.ActiveCfg = Debug|Any CPU
		{9DB6D413-9E3E-4663-9160-3BC56CF2A99F}.Debug|Any CPU.Build.0 = Debug|Any CPU
		{9DB6D413-9E3E-4663-9160-3BC56CF2A99F}.Release|Any CPU.ActiveCfg = Release|Any CPU
		{9DB6D413-9E3E-4663-9160-3BC56CF2A99F}.Release|Any CPU.Build.0 = Release|Any CPU
		{FD58E5D0-EC2B-40DE-A01E-5D25407726A5}.Debug|Any CPU.ActiveCfg = Debug|Any CPU
		{FD58E5D0-EC2B-40DE-A01E-5D25407726A5}.Debug|Any CPU.Build.0 = Debug|Any CPU
		{FD58E5D0-EC2B-40DE-A01E-5D25407726A5}.Release|Any CPU.ActiveCfg = Release|Any CPU
		{FD58E5D0-EC2B-40DE-A01E-5D25407726A5}.Release|Any CPU.Build.0 = Release|Any CPU
		{8ED6444C-0151-416D-BA4F-D2E63DEE3D45}.Debug|Any CPU.ActiveCfg = Debug|Any CPU
		{8ED6444C-0151-416D-BA4F-D2E63DEE3D45}.Debug|Any CPU.Build.0 = Debug|Any CPU
		{8ED6444C-0151-416D-BA4F-D2E63DEE3D45}.Release|Any CPU.ActiveCfg = Release|Any CPU
		{8ED6444C-0151-416D-BA4F-D2E63DEE3D45}.Release|Any CPU.Build.0 = Release|Any CPU
		{A74CAE38-8253-41D6-B71A-0857C2182CF9}.Debug|Any CPU.ActiveCfg = Debug|Any CPU
		{A74CAE38-8253-41D6-B71A-0857C2182CF9}.Debug|Any CPU.Build.0 = Debug|Any CPU
		{A74CAE38-8253-41D6-B71A-0857C2182CF9}.Release|Any CPU.ActiveCfg = Release|Any CPU
		{A74CAE38-8253-41D6-B71A-0857C2182CF9}.Release|Any CPU.Build.0 = Release|Any CPU
		{31C64AE9-CCAA-474C-9DC9-402C79BF3753}.Debug|Any CPU.ActiveCfg = Debug|Any CPU
		{31C64AE9-CCAA-474C-9DC9-402C79BF3753}.Debug|Any CPU.Build.0 = Debug|Any CPU
		{31C64AE9-CCAA-474C-9DC9-402C79BF3753}.Release|Any CPU.ActiveCfg = Release|Any CPU
		{31C64AE9-CCAA-474C-9DC9-402C79BF3753}.Release|Any CPU.Build.0 = Release|Any CPU
		{4068B9C0-5C14-4A5A-999E-7DC81B07CF72}.Debug|Any CPU.ActiveCfg = Debug|Any CPU
		{4068B9C0-5C14-4A5A-999E-7DC81B07CF72}.Debug|Any CPU.Build.0 = Debug|Any CPU
		{4068B9C0-5C14-4A5A-999E-7DC81B07CF72}.Release|Any CPU.ActiveCfg = Release|Any CPU
		{4068B9C0-5C14-4A5A-999E-7DC81B07CF72}.Release|Any CPU.Build.0 = Release|Any CPU
		{1A2F16B5-F45A-4889-B4DE-7BD6CDE605EC}.Debug|Any CPU.ActiveCfg = Debug|Any CPU
		{1A2F16B5-F45A-4889-B4DE-7BD6CDE605EC}.Debug|Any CPU.Build.0 = Debug|Any CPU
		{1A2F16B5-F45A-4889-B4DE-7BD6CDE605EC}.Release|Any CPU.ActiveCfg = Release|Any CPU
		{1A2F16B5-F45A-4889-B4DE-7BD6CDE605EC}.Release|Any CPU.Build.0 = Release|Any CPU
		{43327633-4FF3-4289-90AD-0D1C2F137D78}.Debug|Any CPU.ActiveCfg = Debug|Any CPU
		{43327633-4FF3-4289-90AD-0D1C2F137D78}.Debug|Any CPU.Build.0 = Debug|Any CPU
		{43327633-4FF3-4289-90AD-0D1C2F137D78}.Release|Any CPU.ActiveCfg = Release|Any CPU
		{43327633-4FF3-4289-90AD-0D1C2F137D78}.Release|Any CPU.Build.0 = Release|Any CPU
		{CF7FF331-C2F7-4412-9641-3B5C4484611D}.Debug|Any CPU.ActiveCfg = Debug|Any CPU
		{CF7FF331-C2F7-4412-9641-3B5C4484611D}.Debug|Any CPU.Build.0 = Debug|Any CPU
		{CF7FF331-C2F7-4412-9641-3B5C4484611D}.Release|Any CPU.ActiveCfg = Release|Any CPU
		{CF7FF331-C2F7-4412-9641-3B5C4484611D}.Release|Any CPU.Build.0 = Release|Any CPU
		{C93470D3-1610-47D4-924F-DE0C4AE56018}.Debug|Any CPU.ActiveCfg = Debug|Any CPU
		{C93470D3-1610-47D4-924F-DE0C4AE56018}.Debug|Any CPU.Build.0 = Debug|Any CPU
		{C93470D3-1610-47D4-924F-DE0C4AE56018}.Release|Any CPU.ActiveCfg = Release|Any CPU
		{C93470D3-1610-47D4-924F-DE0C4AE56018}.Release|Any CPU.Build.0 = Release|Any CPU
		{650023A4-242A-4BE4-A9C9-B2CCB830F7C9}.Debug|Any CPU.ActiveCfg = Debug|Any CPU
		{650023A4-242A-4BE4-A9C9-B2CCB830F7C9}.Debug|Any CPU.Build.0 = Debug|Any CPU
		{650023A4-242A-4BE4-A9C9-B2CCB830F7C9}.Release|Any CPU.ActiveCfg = Release|Any CPU
		{650023A4-242A-4BE4-A9C9-B2CCB830F7C9}.Release|Any CPU.Build.0 = Release|Any CPU
		{F1D6AC5C-1B45-4207-8857-D34461519CF5}.Debug|Any CPU.ActiveCfg = Debug|Any CPU
		{F1D6AC5C-1B45-4207-8857-D34461519CF5}.Debug|Any CPU.Build.0 = Debug|Any CPU
		{F1D6AC5C-1B45-4207-8857-D34461519CF5}.Release|Any CPU.ActiveCfg = Release|Any CPU
		{F1D6AC5C-1B45-4207-8857-D34461519CF5}.Release|Any CPU.Build.0 = Release|Any CPU
		{F12805B0-D74A-4E5B-A482-7C7CCB69D572}.Debug|Any CPU.ActiveCfg = Debug|Any CPU
		{F12805B0-D74A-4E5B-A482-7C7CCB69D572}.Debug|Any CPU.Build.0 = Debug|Any CPU
		{F12805B0-D74A-4E5B-A482-7C7CCB69D572}.Release|Any CPU.ActiveCfg = Release|Any CPU
		{F12805B0-D74A-4E5B-A482-7C7CCB69D572}.Release|Any CPU.Build.0 = Release|Any CPU
	EndGlobalSection
	GlobalSection(SolutionProperties) = preSolution
		HideSolutionNode = FALSE
	EndGlobalSection
	GlobalSection(NestedProjects) = preSolution
		{513E3516-A342-4817-B2C5-FEA16A142C84} = {0F631865-ACF0-40E0-A3FE-371A19A01C56}
		{53167BDB-417B-48B2-A44E-10938706B474} = {513E3516-A342-4817-B2C5-FEA16A142C84}
		{9CC63FE2-DE86-4156-A1EF-CE6F3C5C7462} = {513E3516-A342-4817-B2C5-FEA16A142C84}
		{454480EF-C5FE-4F9A-9520-9C462DFA424F} = {513E3516-A342-4817-B2C5-FEA16A142C84}
		{F35B2C9B-929F-4299-B88C-AC70CC485780} = {E834AF04-8F2A-4ADA-ABA5-E292F4B341CF}
		{972C1084-46F5-4728-BDA3-BE4B08989CBF} = {0F631865-ACF0-40E0-A3FE-371A19A01C56}
		{9DB6D413-9E3E-4663-9160-3BC56CF2A99F} = {0F631865-ACF0-40E0-A3FE-371A19A01C56}
		{FD58E5D0-EC2B-40DE-A01E-5D25407726A5} = {E834AF04-8F2A-4ADA-ABA5-E292F4B341CF}
		{A74CAE38-8253-41D6-B71A-0857C2182CF9} = {E834AF04-8F2A-4ADA-ABA5-E292F4B341CF}
		{31C64AE9-CCAA-474C-9DC9-402C79BF3753} = {E834AF04-8F2A-4ADA-ABA5-E292F4B341CF}
		{4068B9C0-5C14-4A5A-999E-7DC81B07CF72} = {E834AF04-8F2A-4ADA-ABA5-E292F4B341CF}
		{1A2F16B5-F45A-4889-B4DE-7BD6CDE605EC} = {E834AF04-8F2A-4ADA-ABA5-E292F4B341CF}
		{CF7FF331-C2F7-4412-9641-3B5C4484611D} = {E834AF04-8F2A-4ADA-ABA5-E292F4B341CF}
		{C93470D3-1610-47D4-924F-DE0C4AE56018} = {E834AF04-8F2A-4ADA-ABA5-E292F4B341CF}
		{684A3D9B-F535-48F5-A17E-2BC6924B622B} = {0F631865-ACF0-40E0-A3FE-371A19A01C56}
		{650023A4-242A-4BE4-A9C9-B2CCB830F7C9} = {684A3D9B-F535-48F5-A17E-2BC6924B622B}
		{F1D6AC5C-1B45-4207-8857-D34461519CF5} = {684A3D9B-F535-48F5-A17E-2BC6924B622B}
		{F12805B0-D74A-4E5B-A482-7C7CCB69D572} = {0F631865-ACF0-40E0-A3FE-371A19A01C56}
	EndGlobalSection
	GlobalSection(ExtensibilityGlobals) = postSolution
		SolutionGuid = {7CA20F8B-D0BF-4DE1-B0E3-600CE58B9652}
	EndGlobalSection
EndGlobal
