
Microsoft Visual Studio Solution File, Format Version 12.00
# Visual Studio 15
VisualStudioVersion = 15.0.28307.271
MinimumVisualStudioVersion = 10.0.40219.1
Project("{2150E333-8FDC-42A3-9474-1A3956D46DE8}") = "clibs", "clibs", "{E834AF04-8F2A-4ADA-ABA5-E292F4B341CF}"
EndProject
Project("{2150E333-8FDC-42A3-9474-1A3956D46DE8}") = "hunspell", "hunspell", "{513E3516-A342-4817-B2C5-FEA16A142C84}"
EndProject
Project("{FAE04EC0-301F-11D3-BF4B-00C04F79EFBC}") = "Lucene.Net", "hunspell\Lucene.Net\Lucene.Net.csproj", "{53167BDB-417B-48B2-A44E-10938706B474}"
EndProject
Project("{FAE04EC0-301F-11D3-BF4B-00C04F79EFBC}") = "Lucene.Net.Analysis.Common", "hunspell\Lucene.Net.Analysis.Common\Lucene.Net.Analysis.Common.csproj", "{9CC63FE2-DE86-4156-A1EF-CE6F3C5C7462}"
EndProject
Project("{FAE04EC0-301F-11D3-BF4B-00C04F79EFBC}") = "hunspell", "hunspell\hunspell\hunspell.csproj", "{454480EF-C5FE-4F9A-9520-9C462DFA424F}"
EndProject
Project("{FAE04EC0-301F-11D3-BF4B-00C04F79EFBC}") = "stemming", "clibs\stemming\stemming.csproj", "{F35B2C9B-929F-4299-B88C-AC70CC485780}"
EndProject
Project("{2150E333-8FDC-42A3-9474-1A3956D46DE8}") = "design", "design", "{0F631865-ACF0-40E0-A3FE-371A19A01C56}"
EndProject
Project("{FAE04EC0-301F-11D3-BF4B-00C04F79EFBC}") = "console", "console\console.csproj", "{4E3AF612-DE8D-49EF-9B94-D3E66E18B3BE}"
EndProject
Project("{FAE04EC0-301F-11D3-BF4B-00C04F79EFBC}") = "frekventWordList", "design\frekventWordList\frekventWordList.csproj", "{972C1084-46F5-4728-BDA3-BE4B08989CBF}"
EndProject
Project("{FAE04EC0-301F-11D3-BF4B-00C04F79EFBC}") = "langsDesign", "design\langsDesign\langsDesign.csproj", "{9DB6D413-9E3E-4663-9160-3BC56CF2A99F}"
EndProject
Project("{9A19103F-16F7-4668-BE54-9A1E7A4F7556}") = "messages", "clibs\messages\messages.csproj", "{FD58E5D0-EC2B-40DE-A01E-5D25407726A5}"
EndProject
Project("{FAE04EC0-301F-11D3-BF4B-00C04F79EFBC}") = "serverCSharp", "serverCSharp\serverCSharp.csproj", "{8ED6444C-0151-416D-BA4F-D2E63DEE3D45}"
EndProject
Project("{FAE04EC0-301F-11D3-BF4B-00C04F79EFBC}") = "breaking", "clibs\breaking\breaking.csproj", "{A74CAE38-8253-41D6-B71A-0857C2182CF9}"
EndProject
Project("{FAE04EC0-301F-11D3-BF4B-00C04F79EFBC}") = "server", "clibs\server\server.csproj", "{31C64AE9-CCAA-474C-9DC9-402C79BF3753}"
EndProject
Project("{FAE04EC0-301F-11D3-BF4B-00C04F79EFBC}") = "spellcheck", "clibs\spellcheck\spellcheck.csproj", "{4068B9C0-5C14-4A5A-999E-7DC81B07CF72}"
EndProject
Project("{9A19103F-16F7-4668-BE54-9A1E7A4F7556}") = "utils", "clibs\utils\utils.csproj", "{CF7FF331-C2F7-4412-9641-3B5C4484611D}"
EndProject
Project("{FAE04EC0-301F-11D3-BF4B-00C04F79EFBC}") = "utilsWin", "clibs\utilsWin\utilsWin.csproj", "{C93470D3-1610-47D4-924F-DE0C4AE56018}"
EndProject
Project("{FAE04EC0-301F-11D3-BF4B-00C04F79EFBC}") = "wordNet", "design\wordNet\wordNet.csproj", "{0A46B45A-DCDD-4E03-A8BA-070517D2349D}"
EndProject
Project("{FAE04EC0-301F-11D3-BF4B-00C04F79EFBC}") = "EntityFramework.BulkInsert", "clibs\EntityFramework.BulkInsert\src\EntityFramework.BulkInsert\EntityFramework.BulkInsert.csproj", "{E48AB221-FB79-4F22-9641-3C283F44F1C7}"
EndProject
Project("{2150E333-8FDC-42A3-9474-1A3956D46DE8}") = "BulkInsert", "BulkInsert", "{536E1963-CFDE-4830-B2EA-064967975409}"
EndProject
Project("{FAE04EC0-301F-11D3-BF4B-00C04F79EFBC}") = "EntityFramework.MappingAPI", "clibs\EntityFramework.BulkInsert\src\EntityFramework.MappingAPI\EntityFramework.MappingAPI.csproj", "{9AEB6EB0-F898-43CF-B894-BD8E52428E7C}"
EndProject
Project("{FAE04EC0-301F-11D3-BF4B-00C04F79EFBC}") = "corpus", "design\corpus\corpus.csproj", "{C71D785E-8BBC-4160-B74B-CA5454407D87}"
EndProject
Project("{FAE04EC0-301F-11D3-BF4B-00C04F79EFBC}") = "dotnetrdf", "clibs\dotnetrdf\dotnetrdf.csproj", "{9F5D7B5D-7B1F-4B6A-B387-242A18799028}"
EndProject
Global
	GlobalSection(SolutionConfigurationPlatforms) = preSolution
		Debug|Any CPU = Debug|Any CPU
		NET40_EF4|Any CPU = NET40_EF4|Any CPU
		NET40_EF5|Any CPU = NET40_EF5|Any CPU
		NET40_EF6|Any CPU = NET40_EF6|Any CPU
		NET45_EF5|Any CPU = NET45_EF5|Any CPU
		NET45_EF6|Any CPU = NET45_EF6|Any CPU
		Release|Any CPU = Release|Any CPU
	EndGlobalSection
	GlobalSection(ProjectConfigurationPlatforms) = postSolution
		{53167BDB-417B-48B2-A44E-10938706B474}.Debug|Any CPU.ActiveCfg = Debug|Any CPU
		{53167BDB-417B-48B2-A44E-10938706B474}.NET40_EF4|Any CPU.ActiveCfg = Release|Any CPU
		{53167BDB-417B-48B2-A44E-10938706B474}.NET40_EF5|Any CPU.ActiveCfg = Release|Any CPU
		{53167BDB-417B-48B2-A44E-10938706B474}.NET40_EF6|Any CPU.ActiveCfg = Release|Any CPU
		{53167BDB-417B-48B2-A44E-10938706B474}.NET45_EF5|Any CPU.ActiveCfg = Release|Any CPU
		{53167BDB-417B-48B2-A44E-10938706B474}.NET45_EF6|Any CPU.ActiveCfg = Release|Any CPU
		{53167BDB-417B-48B2-A44E-10938706B474}.Release|Any CPU.ActiveCfg = Release|Any CPU
		{53167BDB-417B-48B2-A44E-10938706B474}.Release|Any CPU.Build.0 = Release|Any CPU
		{9CC63FE2-DE86-4156-A1EF-CE6F3C5C7462}.Debug|Any CPU.ActiveCfg = Debug|Any CPU
		{9CC63FE2-DE86-4156-A1EF-CE6F3C5C7462}.NET40_EF4|Any CPU.ActiveCfg = Release|Any CPU
		{9CC63FE2-DE86-4156-A1EF-CE6F3C5C7462}.NET40_EF5|Any CPU.ActiveCfg = Release|Any CPU
		{9CC63FE2-DE86-4156-A1EF-CE6F3C5C7462}.NET40_EF6|Any CPU.ActiveCfg = Release|Any CPU
		{9CC63FE2-DE86-4156-A1EF-CE6F3C5C7462}.NET45_EF5|Any CPU.ActiveCfg = Release|Any CPU
		{9CC63FE2-DE86-4156-A1EF-CE6F3C5C7462}.NET45_EF6|Any CPU.ActiveCfg = Release|Any CPU
		{9CC63FE2-DE86-4156-A1EF-CE6F3C5C7462}.Release|Any CPU.ActiveCfg = Release|Any CPU
		{9CC63FE2-DE86-4156-A1EF-CE6F3C5C7462}.Release|Any CPU.Build.0 = Release|Any CPU
		{454480EF-C5FE-4F9A-9520-9C462DFA424F}.Debug|Any CPU.ActiveCfg = Debug|Any CPU
		{454480EF-C5FE-4F9A-9520-9C462DFA424F}.Debug|Any CPU.Build.0 = Debug|Any CPU
		{454480EF-C5FE-4F9A-9520-9C462DFA424F}.NET40_EF4|Any CPU.ActiveCfg = Release|Any CPU
		{454480EF-C5FE-4F9A-9520-9C462DFA424F}.NET40_EF4|Any CPU.Build.0 = Release|Any CPU
		{454480EF-C5FE-4F9A-9520-9C462DFA424F}.NET40_EF5|Any CPU.ActiveCfg = Release|Any CPU
		{454480EF-C5FE-4F9A-9520-9C462DFA424F}.NET40_EF5|Any CPU.Build.0 = Release|Any CPU
		{454480EF-C5FE-4F9A-9520-9C462DFA424F}.NET40_EF6|Any CPU.ActiveCfg = Release|Any CPU
		{454480EF-C5FE-4F9A-9520-9C462DFA424F}.NET40_EF6|Any CPU.Build.0 = Release|Any CPU
		{454480EF-C5FE-4F9A-9520-9C462DFA424F}.NET45_EF5|Any CPU.ActiveCfg = Release|Any CPU
		{454480EF-C5FE-4F9A-9520-9C462DFA424F}.NET45_EF5|Any CPU.Build.0 = Release|Any CPU
		{454480EF-C5FE-4F9A-9520-9C462DFA424F}.NET45_EF6|Any CPU.ActiveCfg = Release|Any CPU
		{454480EF-C5FE-4F9A-9520-9C462DFA424F}.NET45_EF6|Any CPU.Build.0 = Release|Any CPU
		{454480EF-C5FE-4F9A-9520-9C462DFA424F}.Release|Any CPU.ActiveCfg = Release|Any CPU
		{454480EF-C5FE-4F9A-9520-9C462DFA424F}.Release|Any CPU.Build.0 = Release|Any CPU
		{F35B2C9B-929F-4299-B88C-AC70CC485780}.Debug|Any CPU.ActiveCfg = Debug|Any CPU
		{F35B2C9B-929F-4299-B88C-AC70CC485780}.Debug|Any CPU.Build.0 = Debug|Any CPU
		{F35B2C9B-929F-4299-B88C-AC70CC485780}.NET40_EF4|Any CPU.ActiveCfg = Release|Any CPU
		{F35B2C9B-929F-4299-B88C-AC70CC485780}.NET40_EF4|Any CPU.Build.0 = Release|Any CPU
		{F35B2C9B-929F-4299-B88C-AC70CC485780}.NET40_EF5|Any CPU.ActiveCfg = Release|Any CPU
		{F35B2C9B-929F-4299-B88C-AC70CC485780}.NET40_EF5|Any CPU.Build.0 = Release|Any CPU
		{F35B2C9B-929F-4299-B88C-AC70CC485780}.NET40_EF6|Any CPU.ActiveCfg = Release|Any CPU
		{F35B2C9B-929F-4299-B88C-AC70CC485780}.NET40_EF6|Any CPU.Build.0 = Release|Any CPU
		{F35B2C9B-929F-4299-B88C-AC70CC485780}.NET45_EF5|Any CPU.ActiveCfg = Release|Any CPU
		{F35B2C9B-929F-4299-B88C-AC70CC485780}.NET45_EF5|Any CPU.Build.0 = Release|Any CPU
		{F35B2C9B-929F-4299-B88C-AC70CC485780}.NET45_EF6|Any CPU.ActiveCfg = Release|Any CPU
		{F35B2C9B-929F-4299-B88C-AC70CC485780}.NET45_EF6|Any CPU.Build.0 = Release|Any CPU
		{F35B2C9B-929F-4299-B88C-AC70CC485780}.Release|Any CPU.ActiveCfg = Release|Any CPU
		{F35B2C9B-929F-4299-B88C-AC70CC485780}.Release|Any CPU.Build.0 = Release|Any CPU
		{4E3AF612-DE8D-49EF-9B94-D3E66E18B3BE}.Debug|Any CPU.ActiveCfg = Debug|Any CPU
		{4E3AF612-DE8D-49EF-9B94-D3E66E18B3BE}.Debug|Any CPU.Build.0 = Debug|Any CPU
		{4E3AF612-DE8D-49EF-9B94-D3E66E18B3BE}.NET40_EF4|Any CPU.ActiveCfg = Release|Any CPU
		{4E3AF612-DE8D-49EF-9B94-D3E66E18B3BE}.NET40_EF4|Any CPU.Build.0 = Release|Any CPU
		{4E3AF612-DE8D-49EF-9B94-D3E66E18B3BE}.NET40_EF5|Any CPU.ActiveCfg = Release|Any CPU
		{4E3AF612-DE8D-49EF-9B94-D3E66E18B3BE}.NET40_EF5|Any CPU.Build.0 = Release|Any CPU
		{4E3AF612-DE8D-49EF-9B94-D3E66E18B3BE}.NET40_EF6|Any CPU.ActiveCfg = Release|Any CPU
		{4E3AF612-DE8D-49EF-9B94-D3E66E18B3BE}.NET40_EF6|Any CPU.Build.0 = Release|Any CPU
		{4E3AF612-DE8D-49EF-9B94-D3E66E18B3BE}.NET45_EF5|Any CPU.ActiveCfg = Release|Any CPU
		{4E3AF612-DE8D-49EF-9B94-D3E66E18B3BE}.NET45_EF5|Any CPU.Build.0 = Release|Any CPU
		{4E3AF612-DE8D-49EF-9B94-D3E66E18B3BE}.NET45_EF6|Any CPU.ActiveCfg = Release|Any CPU
		{4E3AF612-DE8D-49EF-9B94-D3E66E18B3BE}.NET45_EF6|Any CPU.Build.0 = Release|Any CPU
		{4E3AF612-DE8D-49EF-9B94-D3E66E18B3BE}.Release|Any CPU.ActiveCfg = Release|Any CPU
		{4E3AF612-DE8D-49EF-9B94-D3E66E18B3BE}.Release|Any CPU.Build.0 = Release|Any CPU
		{972C1084-46F5-4728-BDA3-BE4B08989CBF}.Debug|Any CPU.ActiveCfg = Debug|Any CPU
		{972C1084-46F5-4728-BDA3-BE4B08989CBF}.Debug|Any CPU.Build.0 = Debug|Any CPU
		{972C1084-46F5-4728-BDA3-BE4B08989CBF}.NET40_EF4|Any CPU.ActiveCfg = Release|Any CPU
		{972C1084-46F5-4728-BDA3-BE4B08989CBF}.NET40_EF4|Any CPU.Build.0 = Release|Any CPU
		{972C1084-46F5-4728-BDA3-BE4B08989CBF}.NET40_EF5|Any CPU.ActiveCfg = Release|Any CPU
		{972C1084-46F5-4728-BDA3-BE4B08989CBF}.NET40_EF5|Any CPU.Build.0 = Release|Any CPU
		{972C1084-46F5-4728-BDA3-BE4B08989CBF}.NET40_EF6|Any CPU.ActiveCfg = Release|Any CPU
		{972C1084-46F5-4728-BDA3-BE4B08989CBF}.NET40_EF6|Any CPU.Build.0 = Release|Any CPU
		{972C1084-46F5-4728-BDA3-BE4B08989CBF}.NET45_EF5|Any CPU.ActiveCfg = Release|Any CPU
		{972C1084-46F5-4728-BDA3-BE4B08989CBF}.NET45_EF5|Any CPU.Build.0 = Release|Any CPU
		{972C1084-46F5-4728-BDA3-BE4B08989CBF}.NET45_EF6|Any CPU.ActiveCfg = Release|Any CPU
		{972C1084-46F5-4728-BDA3-BE4B08989CBF}.NET45_EF6|Any CPU.Build.0 = Release|Any CPU
		{972C1084-46F5-4728-BDA3-BE4B08989CBF}.Release|Any CPU.ActiveCfg = Release|Any CPU
		{972C1084-46F5-4728-BDA3-BE4B08989CBF}.Release|Any CPU.Build.0 = Release|Any CPU
		{9DB6D413-9E3E-4663-9160-3BC56CF2A99F}.Debug|Any CPU.ActiveCfg = Debug|Any CPU
		{9DB6D413-9E3E-4663-9160-3BC56CF2A99F}.Debug|Any CPU.Build.0 = Debug|Any CPU
		{9DB6D413-9E3E-4663-9160-3BC56CF2A99F}.NET40_EF4|Any CPU.ActiveCfg = Release|Any CPU
		{9DB6D413-9E3E-4663-9160-3BC56CF2A99F}.NET40_EF4|Any CPU.Build.0 = Release|Any CPU
		{9DB6D413-9E3E-4663-9160-3BC56CF2A99F}.NET40_EF5|Any CPU.ActiveCfg = Release|Any CPU
		{9DB6D413-9E3E-4663-9160-3BC56CF2A99F}.NET40_EF5|Any CPU.Build.0 = Release|Any CPU
		{9DB6D413-9E3E-4663-9160-3BC56CF2A99F}.NET40_EF6|Any CPU.ActiveCfg = Release|Any CPU
		{9DB6D413-9E3E-4663-9160-3BC56CF2A99F}.NET40_EF6|Any CPU.Build.0 = Release|Any CPU
		{9DB6D413-9E3E-4663-9160-3BC56CF2A99F}.NET45_EF5|Any CPU.ActiveCfg = Release|Any CPU
		{9DB6D413-9E3E-4663-9160-3BC56CF2A99F}.NET45_EF5|Any CPU.Build.0 = Release|Any CPU
		{9DB6D413-9E3E-4663-9160-3BC56CF2A99F}.NET45_EF6|Any CPU.ActiveCfg = Release|Any CPU
		{9DB6D413-9E3E-4663-9160-3BC56CF2A99F}.NET45_EF6|Any CPU.Build.0 = Release|Any CPU
		{9DB6D413-9E3E-4663-9160-3BC56CF2A99F}.Release|Any CPU.ActiveCfg = Release|Any CPU
		{9DB6D413-9E3E-4663-9160-3BC56CF2A99F}.Release|Any CPU.Build.0 = Release|Any CPU
		{FD58E5D0-EC2B-40DE-A01E-5D25407726A5}.Debug|Any CPU.ActiveCfg = Debug|Any CPU
		{FD58E5D0-EC2B-40DE-A01E-5D25407726A5}.Debug|Any CPU.Build.0 = Debug|Any CPU
		{FD58E5D0-EC2B-40DE-A01E-5D25407726A5}.NET40_EF4|Any CPU.ActiveCfg = Release|Any CPU
		{FD58E5D0-EC2B-40DE-A01E-5D25407726A5}.NET40_EF4|Any CPU.Build.0 = Release|Any CPU
		{FD58E5D0-EC2B-40DE-A01E-5D25407726A5}.NET40_EF5|Any CPU.ActiveCfg = Release|Any CPU
		{FD58E5D0-EC2B-40DE-A01E-5D25407726A5}.NET40_EF5|Any CPU.Build.0 = Release|Any CPU
		{FD58E5D0-EC2B-40DE-A01E-5D25407726A5}.NET40_EF6|Any CPU.ActiveCfg = Release|Any CPU
		{FD58E5D0-EC2B-40DE-A01E-5D25407726A5}.NET40_EF6|Any CPU.Build.0 = Release|Any CPU
		{FD58E5D0-EC2B-40DE-A01E-5D25407726A5}.NET45_EF5|Any CPU.ActiveCfg = Release|Any CPU
		{FD58E5D0-EC2B-40DE-A01E-5D25407726A5}.NET45_EF5|Any CPU.Build.0 = Release|Any CPU
		{FD58E5D0-EC2B-40DE-A01E-5D25407726A5}.NET45_EF6|Any CPU.ActiveCfg = Release|Any CPU
		{FD58E5D0-EC2B-40DE-A01E-5D25407726A5}.NET45_EF6|Any CPU.Build.0 = Release|Any CPU
		{FD58E5D0-EC2B-40DE-A01E-5D25407726A5}.Release|Any CPU.ActiveCfg = Release|Any CPU
		{FD58E5D0-EC2B-40DE-A01E-5D25407726A5}.Release|Any CPU.Build.0 = Release|Any CPU
		{8ED6444C-0151-416D-BA4F-D2E63DEE3D45}.Debug|Any CPU.ActiveCfg = Debug|Any CPU
		{8ED6444C-0151-416D-BA4F-D2E63DEE3D45}.Debug|Any CPU.Build.0 = Debug|Any CPU
		{8ED6444C-0151-416D-BA4F-D2E63DEE3D45}.NET40_EF4|Any CPU.ActiveCfg = Release|Any CPU
		{8ED6444C-0151-416D-BA4F-D2E63DEE3D45}.NET40_EF4|Any CPU.Build.0 = Release|Any CPU
		{8ED6444C-0151-416D-BA4F-D2E63DEE3D45}.NET40_EF5|Any CPU.ActiveCfg = Release|Any CPU
		{8ED6444C-0151-416D-BA4F-D2E63DEE3D45}.NET40_EF5|Any CPU.Build.0 = Release|Any CPU
		{8ED6444C-0151-416D-BA4F-D2E63DEE3D45}.NET40_EF6|Any CPU.ActiveCfg = Release|Any CPU
		{8ED6444C-0151-416D-BA4F-D2E63DEE3D45}.NET40_EF6|Any CPU.Build.0 = Release|Any CPU
		{8ED6444C-0151-416D-BA4F-D2E63DEE3D45}.NET45_EF5|Any CPU.ActiveCfg = Release|Any CPU
		{8ED6444C-0151-416D-BA4F-D2E63DEE3D45}.NET45_EF5|Any CPU.Build.0 = Release|Any CPU
		{8ED6444C-0151-416D-BA4F-D2E63DEE3D45}.NET45_EF6|Any CPU.ActiveCfg = Release|Any CPU
		{8ED6444C-0151-416D-BA4F-D2E63DEE3D45}.NET45_EF6|Any CPU.Build.0 = Release|Any CPU
		{8ED6444C-0151-416D-BA4F-D2E63DEE3D45}.Release|Any CPU.ActiveCfg = Release|Any CPU
		{8ED6444C-0151-416D-BA4F-D2E63DEE3D45}.Release|Any CPU.Build.0 = Release|Any CPU
		{A74CAE38-8253-41D6-B71A-0857C2182CF9}.Debug|Any CPU.ActiveCfg = Debug|Any CPU
		{A74CAE38-8253-41D6-B71A-0857C2182CF9}.Debug|Any CPU.Build.0 = Debug|Any CPU
		{A74CAE38-8253-41D6-B71A-0857C2182CF9}.NET40_EF4|Any CPU.ActiveCfg = Release|Any CPU
		{A74CAE38-8253-41D6-B71A-0857C2182CF9}.NET40_EF4|Any CPU.Build.0 = Release|Any CPU
		{A74CAE38-8253-41D6-B71A-0857C2182CF9}.NET40_EF5|Any CPU.ActiveCfg = Release|Any CPU
		{A74CAE38-8253-41D6-B71A-0857C2182CF9}.NET40_EF5|Any CPU.Build.0 = Release|Any CPU
		{A74CAE38-8253-41D6-B71A-0857C2182CF9}.NET40_EF6|Any CPU.ActiveCfg = Release|Any CPU
		{A74CAE38-8253-41D6-B71A-0857C2182CF9}.NET40_EF6|Any CPU.Build.0 = Release|Any CPU
		{A74CAE38-8253-41D6-B71A-0857C2182CF9}.NET45_EF5|Any CPU.ActiveCfg = Release|Any CPU
		{A74CAE38-8253-41D6-B71A-0857C2182CF9}.NET45_EF5|Any CPU.Build.0 = Release|Any CPU
		{A74CAE38-8253-41D6-B71A-0857C2182CF9}.NET45_EF6|Any CPU.ActiveCfg = Release|Any CPU
		{A74CAE38-8253-41D6-B71A-0857C2182CF9}.NET45_EF6|Any CPU.Build.0 = Release|Any CPU
		{A74CAE38-8253-41D6-B71A-0857C2182CF9}.Release|Any CPU.ActiveCfg = Release|Any CPU
		{A74CAE38-8253-41D6-B71A-0857C2182CF9}.Release|Any CPU.Build.0 = Release|Any CPU
		{31C64AE9-CCAA-474C-9DC9-402C79BF3753}.Debug|Any CPU.ActiveCfg = Debug|Any CPU
		{31C64AE9-CCAA-474C-9DC9-402C79BF3753}.Debug|Any CPU.Build.0 = Debug|Any CPU
		{31C64AE9-CCAA-474C-9DC9-402C79BF3753}.NET40_EF4|Any CPU.ActiveCfg = Release|Any CPU
		{31C64AE9-CCAA-474C-9DC9-402C79BF3753}.NET40_EF4|Any CPU.Build.0 = Release|Any CPU
		{31C64AE9-CCAA-474C-9DC9-402C79BF3753}.NET40_EF5|Any CPU.ActiveCfg = Release|Any CPU
		{31C64AE9-CCAA-474C-9DC9-402C79BF3753}.NET40_EF5|Any CPU.Build.0 = Release|Any CPU
		{31C64AE9-CCAA-474C-9DC9-402C79BF3753}.NET40_EF6|Any CPU.ActiveCfg = Release|Any CPU
		{31C64AE9-CCAA-474C-9DC9-402C79BF3753}.NET40_EF6|Any CPU.Build.0 = Release|Any CPU
		{31C64AE9-CCAA-474C-9DC9-402C79BF3753}.NET45_EF5|Any CPU.ActiveCfg = Release|Any CPU
		{31C64AE9-CCAA-474C-9DC9-402C79BF3753}.NET45_EF5|Any CPU.Build.0 = Release|Any CPU
		{31C64AE9-CCAA-474C-9DC9-402C79BF3753}.NET45_EF6|Any CPU.ActiveCfg = Release|Any CPU
		{31C64AE9-CCAA-474C-9DC9-402C79BF3753}.NET45_EF6|Any CPU.Build.0 = Release|Any CPU
		{31C64AE9-CCAA-474C-9DC9-402C79BF3753}.Release|Any CPU.ActiveCfg = Release|Any CPU
		{31C64AE9-CCAA-474C-9DC9-402C79BF3753}.Release|Any CPU.Build.0 = Release|Any CPU
		{4068B9C0-5C14-4A5A-999E-7DC81B07CF72}.Debug|Any CPU.ActiveCfg = Debug|Any CPU
		{4068B9C0-5C14-4A5A-999E-7DC81B07CF72}.Debug|Any CPU.Build.0 = Debug|Any CPU
		{4068B9C0-5C14-4A5A-999E-7DC81B07CF72}.NET40_EF4|Any CPU.ActiveCfg = Release|Any CPU
		{4068B9C0-5C14-4A5A-999E-7DC81B07CF72}.NET40_EF4|Any CPU.Build.0 = Release|Any CPU
		{4068B9C0-5C14-4A5A-999E-7DC81B07CF72}.NET40_EF5|Any CPU.ActiveCfg = Release|Any CPU
		{4068B9C0-5C14-4A5A-999E-7DC81B07CF72}.NET40_EF5|Any CPU.Build.0 = Release|Any CPU
		{4068B9C0-5C14-4A5A-999E-7DC81B07CF72}.NET40_EF6|Any CPU.ActiveCfg = Release|Any CPU
		{4068B9C0-5C14-4A5A-999E-7DC81B07CF72}.NET40_EF6|Any CPU.Build.0 = Release|Any CPU
		{4068B9C0-5C14-4A5A-999E-7DC81B07CF72}.NET45_EF5|Any CPU.ActiveCfg = Release|Any CPU
		{4068B9C0-5C14-4A5A-999E-7DC81B07CF72}.NET45_EF5|Any CPU.Build.0 = Release|Any CPU
		{4068B9C0-5C14-4A5A-999E-7DC81B07CF72}.NET45_EF6|Any CPU.ActiveCfg = Release|Any CPU
		{4068B9C0-5C14-4A5A-999E-7DC81B07CF72}.NET45_EF6|Any CPU.Build.0 = Release|Any CPU
		{4068B9C0-5C14-4A5A-999E-7DC81B07CF72}.Release|Any CPU.ActiveCfg = Release|Any CPU
		{4068B9C0-5C14-4A5A-999E-7DC81B07CF72}.Release|Any CPU.Build.0 = Release|Any CPU
		{CF7FF331-C2F7-4412-9641-3B5C4484611D}.Debug|Any CPU.ActiveCfg = Debug|Any CPU
		{CF7FF331-C2F7-4412-9641-3B5C4484611D}.Debug|Any CPU.Build.0 = Debug|Any CPU
		{CF7FF331-C2F7-4412-9641-3B5C4484611D}.NET40_EF4|Any CPU.ActiveCfg = Release|Any CPU
		{CF7FF331-C2F7-4412-9641-3B5C4484611D}.NET40_EF4|Any CPU.Build.0 = Release|Any CPU
		{CF7FF331-C2F7-4412-9641-3B5C4484611D}.NET40_EF5|Any CPU.ActiveCfg = Release|Any CPU
		{CF7FF331-C2F7-4412-9641-3B5C4484611D}.NET40_EF5|Any CPU.Build.0 = Release|Any CPU
		{CF7FF331-C2F7-4412-9641-3B5C4484611D}.NET40_EF6|Any CPU.ActiveCfg = Release|Any CPU
		{CF7FF331-C2F7-4412-9641-3B5C4484611D}.NET40_EF6|Any CPU.Build.0 = Release|Any CPU
		{CF7FF331-C2F7-4412-9641-3B5C4484611D}.NET45_EF5|Any CPU.ActiveCfg = Release|Any CPU
		{CF7FF331-C2F7-4412-9641-3B5C4484611D}.NET45_EF5|Any CPU.Build.0 = Release|Any CPU
		{CF7FF331-C2F7-4412-9641-3B5C4484611D}.NET45_EF6|Any CPU.ActiveCfg = Release|Any CPU
		{CF7FF331-C2F7-4412-9641-3B5C4484611D}.NET45_EF6|Any CPU.Build.0 = Release|Any CPU
		{CF7FF331-C2F7-4412-9641-3B5C4484611D}.Release|Any CPU.ActiveCfg = Release|Any CPU
		{CF7FF331-C2F7-4412-9641-3B5C4484611D}.Release|Any CPU.Build.0 = Release|Any CPU
		{C93470D3-1610-47D4-924F-DE0C4AE56018}.Debug|Any CPU.ActiveCfg = Debug|Any CPU
		{C93470D3-1610-47D4-924F-DE0C4AE56018}.Debug|Any CPU.Build.0 = Debug|Any CPU
		{C93470D3-1610-47D4-924F-DE0C4AE56018}.NET40_EF4|Any CPU.ActiveCfg = Release|Any CPU
		{C93470D3-1610-47D4-924F-DE0C4AE56018}.NET40_EF4|Any CPU.Build.0 = Release|Any CPU
		{C93470D3-1610-47D4-924F-DE0C4AE56018}.NET40_EF5|Any CPU.ActiveCfg = Release|Any CPU
		{C93470D3-1610-47D4-924F-DE0C4AE56018}.NET40_EF5|Any CPU.Build.0 = Release|Any CPU
		{C93470D3-1610-47D4-924F-DE0C4AE56018}.NET40_EF6|Any CPU.ActiveCfg = Release|Any CPU
		{C93470D3-1610-47D4-924F-DE0C4AE56018}.NET40_EF6|Any CPU.Build.0 = Release|Any CPU
		{C93470D3-1610-47D4-924F-DE0C4AE56018}.NET45_EF5|Any CPU.ActiveCfg = Release|Any CPU
		{C93470D3-1610-47D4-924F-DE0C4AE56018}.NET45_EF5|Any CPU.Build.0 = Release|Any CPU
		{C93470D3-1610-47D4-924F-DE0C4AE56018}.NET45_EF6|Any CPU.ActiveCfg = Release|Any CPU
		{C93470D3-1610-47D4-924F-DE0C4AE56018}.NET45_EF6|Any CPU.Build.0 = Release|Any CPU
		{C93470D3-1610-47D4-924F-DE0C4AE56018}.Release|Any CPU.ActiveCfg = Release|Any CPU
		{C93470D3-1610-47D4-924F-DE0C4AE56018}.Release|Any CPU.Build.0 = Release|Any CPU
		{0A46B45A-DCDD-4E03-A8BA-070517D2349D}.Debug|Any CPU.ActiveCfg = Debug|Any CPU
		{0A46B45A-DCDD-4E03-A8BA-070517D2349D}.Debug|Any CPU.Build.0 = Debug|Any CPU
		{0A46B45A-DCDD-4E03-A8BA-070517D2349D}.NET40_EF4|Any CPU.ActiveCfg = Release|Any CPU
		{0A46B45A-DCDD-4E03-A8BA-070517D2349D}.NET40_EF4|Any CPU.Build.0 = Release|Any CPU
		{0A46B45A-DCDD-4E03-A8BA-070517D2349D}.NET40_EF5|Any CPU.ActiveCfg = Release|Any CPU
		{0A46B45A-DCDD-4E03-A8BA-070517D2349D}.NET40_EF5|Any CPU.Build.0 = Release|Any CPU
		{0A46B45A-DCDD-4E03-A8BA-070517D2349D}.NET40_EF6|Any CPU.ActiveCfg = Release|Any CPU
		{0A46B45A-DCDD-4E03-A8BA-070517D2349D}.NET40_EF6|Any CPU.Build.0 = Release|Any CPU
		{0A46B45A-DCDD-4E03-A8BA-070517D2349D}.NET45_EF5|Any CPU.ActiveCfg = Release|Any CPU
		{0A46B45A-DCDD-4E03-A8BA-070517D2349D}.NET45_EF5|Any CPU.Build.0 = Release|Any CPU
		{0A46B45A-DCDD-4E03-A8BA-070517D2349D}.NET45_EF6|Any CPU.ActiveCfg = Release|Any CPU
		{0A46B45A-DCDD-4E03-A8BA-070517D2349D}.NET45_EF6|Any CPU.Build.0 = Release|Any CPU
		{0A46B45A-DCDD-4E03-A8BA-070517D2349D}.Release|Any CPU.ActiveCfg = Release|Any CPU
		{0A46B45A-DCDD-4E03-A8BA-070517D2349D}.Release|Any CPU.Build.0 = Release|Any CPU
		{E48AB221-FB79-4F22-9641-3C283F44F1C7}.Debug|Any CPU.ActiveCfg = Debug|Any CPU
		{E48AB221-FB79-4F22-9641-3C283F44F1C7}.NET40_EF4|Any CPU.ActiveCfg = Release|Any CPU
		{E48AB221-FB79-4F22-9641-3C283F44F1C7}.NET40_EF4|Any CPU.Build.0 = Release|Any CPU
		{E48AB221-FB79-4F22-9641-3C283F44F1C7}.NET40_EF5|Any CPU.ActiveCfg = Release|Any CPU
		{E48AB221-FB79-4F22-9641-3C283F44F1C7}.NET40_EF5|Any CPU.Build.0 = Release|Any CPU
		{E48AB221-FB79-4F22-9641-3C283F44F1C7}.NET40_EF6|Any CPU.ActiveCfg = Release|Any CPU
		{E48AB221-FB79-4F22-9641-3C283F44F1C7}.NET40_EF6|Any CPU.Build.0 = Release|Any CPU
		{E48AB221-FB79-4F22-9641-3C283F44F1C7}.NET45_EF5|Any CPU.ActiveCfg = Release|Any CPU
		{E48AB221-FB79-4F22-9641-3C283F44F1C7}.NET45_EF5|Any CPU.Build.0 = Release|Any CPU
		{E48AB221-FB79-4F22-9641-3C283F44F1C7}.NET45_EF6|Any CPU.ActiveCfg = Release|Any CPU
		{E48AB221-FB79-4F22-9641-3C283F44F1C7}.NET45_EF6|Any CPU.Build.0 = Release|Any CPU
		{E48AB221-FB79-4F22-9641-3C283F44F1C7}.Release|Any CPU.ActiveCfg = Release|Any CPU
		{E48AB221-FB79-4F22-9641-3C283F44F1C7}.Release|Any CPU.Build.0 = Release|Any CPU
		{9AEB6EB0-F898-43CF-B894-BD8E52428E7C}.Debug|Any CPU.ActiveCfg = Debug|Any CPU
		{9AEB6EB0-F898-43CF-B894-BD8E52428E7C}.NET40_EF4|Any CPU.ActiveCfg = Release|Any CPU
		{9AEB6EB0-F898-43CF-B894-BD8E52428E7C}.NET40_EF4|Any CPU.Build.0 = Release|Any CPU
		{9AEB6EB0-F898-43CF-B894-BD8E52428E7C}.NET40_EF5|Any CPU.ActiveCfg = Release|Any CPU
		{9AEB6EB0-F898-43CF-B894-BD8E52428E7C}.NET40_EF5|Any CPU.Build.0 = Release|Any CPU
		{9AEB6EB0-F898-43CF-B894-BD8E52428E7C}.NET40_EF6|Any CPU.ActiveCfg = Release|Any CPU
		{9AEB6EB0-F898-43CF-B894-BD8E52428E7C}.NET40_EF6|Any CPU.Build.0 = Release|Any CPU
		{9AEB6EB0-F898-43CF-B894-BD8E52428E7C}.NET45_EF5|Any CPU.ActiveCfg = Release|Any CPU
		{9AEB6EB0-F898-43CF-B894-BD8E52428E7C}.NET45_EF5|Any CPU.Build.0 = Release|Any CPU
		{9AEB6EB0-F898-43CF-B894-BD8E52428E7C}.NET45_EF6|Any CPU.ActiveCfg = Release|Any CPU
		{9AEB6EB0-F898-43CF-B894-BD8E52428E7C}.NET45_EF6|Any CPU.Build.0 = Release|Any CPU
		{9AEB6EB0-F898-43CF-B894-BD8E52428E7C}.Release|Any CPU.ActiveCfg = Release|Any CPU
		{9AEB6EB0-F898-43CF-B894-BD8E52428E7C}.Release|Any CPU.Build.0 = Release|Any CPU
		{C71D785E-8BBC-4160-B74B-CA5454407D87}.Debug|Any CPU.ActiveCfg = Debug|Any CPU
		{C71D785E-8BBC-4160-B74B-CA5454407D87}.Debug|Any CPU.Build.0 = Debug|Any CPU
		{C71D785E-8BBC-4160-B74B-CA5454407D87}.NET40_EF4|Any CPU.ActiveCfg = Release|Any CPU
		{C71D785E-8BBC-4160-B74B-CA5454407D87}.NET40_EF4|Any CPU.Build.0 = Release|Any CPU
		{C71D785E-8BBC-4160-B74B-CA5454407D87}.NET40_EF5|Any CPU.ActiveCfg = Release|Any CPU
		{C71D785E-8BBC-4160-B74B-CA5454407D87}.NET40_EF5|Any CPU.Build.0 = Release|Any CPU
		{C71D785E-8BBC-4160-B74B-CA5454407D87}.NET40_EF6|Any CPU.ActiveCfg = Release|Any CPU
		{C71D785E-8BBC-4160-B74B-CA5454407D87}.NET40_EF6|Any CPU.Build.0 = Release|Any CPU
		{C71D785E-8BBC-4160-B74B-CA5454407D87}.NET45_EF5|Any CPU.ActiveCfg = Release|Any CPU
		{C71D785E-8BBC-4160-B74B-CA5454407D87}.NET45_EF5|Any CPU.Build.0 = Release|Any CPU
		{C71D785E-8BBC-4160-B74B-CA5454407D87}.NET45_EF6|Any CPU.ActiveCfg = Release|Any CPU
		{C71D785E-8BBC-4160-B74B-CA5454407D87}.NET45_EF6|Any CPU.Build.0 = Release|Any CPU
		{C71D785E-8BBC-4160-B74B-CA5454407D87}.Release|Any CPU.ActiveCfg = Release|Any CPU
		{C71D785E-8BBC-4160-B74B-CA5454407D87}.Release|Any CPU.Build.0 = Release|Any CPU
		{9F5D7B5D-7B1F-4B6A-B387-242A18799028}.Debug|Any CPU.ActiveCfg = Debug|Any CPU
		{9F5D7B5D-7B1F-4B6A-B387-242A18799028}.NET40_EF4|Any CPU.ActiveCfg = Release|Any CPU
		{9F5D7B5D-7B1F-4B6A-B387-242A18799028}.NET40_EF4|Any CPU.Build.0 = Release|Any CPU
		{9F5D7B5D-7B1F-4B6A-B387-242A18799028}.NET40_EF5|Any CPU.ActiveCfg = Release|Any CPU
		{9F5D7B5D-7B1F-4B6A-B387-242A18799028}.NET40_EF5|Any CPU.Build.0 = Release|Any CPU
		{9F5D7B5D-7B1F-4B6A-B387-242A18799028}.NET40_EF6|Any CPU.ActiveCfg = Release|Any CPU
		{9F5D7B5D-7B1F-4B6A-B387-242A18799028}.NET40_EF6|Any CPU.Build.0 = Release|Any CPU
		{9F5D7B5D-7B1F-4B6A-B387-242A18799028}.NET45_EF5|Any CPU.ActiveCfg = Release|Any CPU
		{9F5D7B5D-7B1F-4B6A-B387-242A18799028}.NET45_EF5|Any CPU.Build.0 = Release|Any CPU
		{9F5D7B5D-7B1F-4B6A-B387-242A18799028}.NET45_EF6|Any CPU.ActiveCfg = Release|Any CPU
		{9F5D7B5D-7B1F-4B6A-B387-242A18799028}.NET45_EF6|Any CPU.Build.0 = Release|Any CPU
		{9F5D7B5D-7B1F-4B6A-B387-242A18799028}.Release|Any CPU.ActiveCfg = Release|Any CPU
		{9F5D7B5D-7B1F-4B6A-B387-242A18799028}.Release|Any CPU.Build.0 = Release|Any CPU
	EndGlobalSection
	GlobalSection(SolutionProperties) = preSolution
		HideSolutionNode = FALSE
	EndGlobalSection
	GlobalSection(NestedProjects) = preSolution
		{513E3516-A342-4817-B2C5-FEA16A142C84} = {0F631865-ACF0-40E0-A3FE-371A19A01C56}
		{53167BDB-417B-48B2-A44E-10938706B474} = {513E3516-A342-4817-B2C5-FEA16A142C84}
		{9CC63FE2-DE86-4156-A1EF-CE6F3C5C7462} = {513E3516-A342-4817-B2C5-FEA16A142C84}
		{454480EF-C5FE-4F9A-9520-9C462DFA424F} = {513E3516-A342-4817-B2C5-FEA16A142C84}
		{F35B2C9B-929F-4299-B88C-AC70CC485780} = {E834AF04-8F2A-4ADA-ABA5-E292F4B341CF}
		{972C1084-46F5-4728-BDA3-BE4B08989CBF} = {0F631865-ACF0-40E0-A3FE-371A19A01C56}
		{9DB6D413-9E3E-4663-9160-3BC56CF2A99F} = {0F631865-ACF0-40E0-A3FE-371A19A01C56}
		{FD58E5D0-EC2B-40DE-A01E-5D25407726A5} = {E834AF04-8F2A-4ADA-ABA5-E292F4B341CF}
		{A74CAE38-8253-41D6-B71A-0857C2182CF9} = {E834AF04-8F2A-4ADA-ABA5-E292F4B341CF}
		{31C64AE9-CCAA-474C-9DC9-402C79BF3753} = {E834AF04-8F2A-4ADA-ABA5-E292F4B341CF}
		{4068B9C0-5C14-4A5A-999E-7DC81B07CF72} = {E834AF04-8F2A-4ADA-ABA5-E292F4B341CF}
		{CF7FF331-C2F7-4412-9641-3B5C4484611D} = {E834AF04-8F2A-4ADA-ABA5-E292F4B341CF}
		{C93470D3-1610-47D4-924F-DE0C4AE56018} = {E834AF04-8F2A-4ADA-ABA5-E292F4B341CF}
		{0A46B45A-DCDD-4E03-A8BA-070517D2349D} = {0F631865-ACF0-40E0-A3FE-371A19A01C56}
		{E48AB221-FB79-4F22-9641-3C283F44F1C7} = {536E1963-CFDE-4830-B2EA-064967975409}
		{536E1963-CFDE-4830-B2EA-064967975409} = {E834AF04-8F2A-4ADA-ABA5-E292F4B341CF}
		{9AEB6EB0-F898-43CF-B894-BD8E52428E7C} = {536E1963-CFDE-4830-B2EA-064967975409}
		{C71D785E-8BBC-4160-B74B-CA5454407D87} = {0F631865-ACF0-40E0-A3FE-371A19A01C56}
		{9F5D7B5D-7B1F-4B6A-B387-242A18799028} = {E834AF04-8F2A-4ADA-ABA5-E292F4B341CF}
	EndGlobalSection
	GlobalSection(ExtensibilityGlobals) = postSolution
		SolutionGuid = {7CA20F8B-D0BF-4DE1-B0E3-600CE58B9652}
	EndGlobalSection
EndGlobal
